
Microsoft Visual Studio Solution File, Format Version 12.00
# Visual Studio Version 17
VisualStudioVersion = 17.0.31903.59
MinimumVisualStudioVersion = 10.0.40219.1
Project("{FAE04EC0-301F-11D3-BF4B-00C04F79EFBC}") = "fetch-aoc-data", "fetch\fetch-aoc-data.csproj", "{7132CFD2-34F0-4525-9860-553EBC49AE8F}"
EndProject
Project("{FAE04EC0-301F-11D3-BF4B-00C04F79EFBC}") = "aoc2022", "cs\aoc2022.csproj", "{A1845CF4-74FA-4657-BEAD-895F5846882E}"
EndProject
Global
	GlobalSection(SolutionConfigurationPlatforms) = preSolution
		Debug|Any CPU = Debug|Any CPU
		Release|Any CPU = Release|Any CPU
	EndGlobalSection
	GlobalSection(SolutionProperties) = preSolution
		HideSolutionNode = FALSE
	EndGlobalSection
	GlobalSection(ProjectConfigurationPlatforms) = postSolution
		{7132CFD2-34F0-4525-9860-553EBC49AE8F}.Debug|Any CPU.ActiveCfg = Debug|Any CPU
		{7132CFD2-34F0-4525-9860-553EBC49AE8F}.Debug|Any CPU.Build.0 = Debug|Any CPU
		{7132CFD2-34F0-4525-9860-553EBC49AE8F}.Release|Any CPU.ActiveCfg = Release|Any CPU
		{7132CFD2-34F0-4525-9860-553EBC49AE8F}.Release|Any CPU.Build.0 = Release|Any CPU
		{A1845CF4-74FA-4657-BEAD-895F5846882E}.Debug|Any CPU.ActiveCfg = Debug|Any CPU
		{A1845CF4-74FA-4657-BEAD-895F5846882E}.Debug|Any CPU.Build.0 = Debug|Any CPU
		{A1845CF4-74FA-4657-BEAD-895F5846882E}.Release|Any CPU.ActiveCfg = Release|Any CPU
		{A1845CF4-74FA-4657-BEAD-895F5846882E}.Release|Any CPU.Build.0 = Release|Any CPU
	EndGlobalSection
EndGlobal
